
Microsoft Visual Studio Solution File, Format Version 12.00
# Visual Studio Version 17
VisualStudioVersion = 17.11.35312.102
MinimumVisualStudioVersion = 10.0.40219.1
Project("{2150E333-8FDC-42A3-9474-1A3956D46DE8}") = "src", "src", "{0888B86C-31CF-4288-BAE6-27515593310F}"
EndProject
Project("{2150E333-8FDC-42A3-9474-1A3956D46DE8}") = "tests", "tests", "{882D889B-1326-40EF-8FC2-6CB09F27A9D8}"
EndProject
Project("{9A19103F-16F7-4668-BE54-9A1E7A4F7556}") = "MarketToolsV3.Users.UnitTests", "tests\MarketToolsV3.Users.UnitTests\MarketToolsV3.Users.UnitTests.csproj", "{2CCF755E-4740-48E9-9A9F-1944B6A0C569}"
EndProject
Project("{9A19103F-16F7-4668-BE54-9A1E7A4F7556}") = "Identity.Domain", "src\Identity.Domain\Identity.Domain.csproj", "{C4C1A6D0-96F8-4C6B-BB91-789D79BDBFFD}"
EndProject
Project("{9A19103F-16F7-4668-BE54-9A1E7A4F7556}") = "Identity.Infrastructure", "src\Identity.Infrastructure\Identity.Infrastructure.csproj", "{1CC5775C-7B79-41E7-8A87-2D550D0D9F92}"
EndProject
Project("{9A19103F-16F7-4668-BE54-9A1E7A4F7556}") = "Identity.WebApi", "src\Identity.WebApi\Identity.WebApi.csproj", "{1B7D221B-BD4E-4884-BA66-DE99798B1883}"
EndProject
Project("{9A19103F-16F7-4668-BE54-9A1E7A4F7556}") = "MarketToolsV3.ConfigurationManager", "src\MarketToolsV3.ConfigurationManager\MarketToolsV3.ConfigurationManager.csproj", "{8758EE56-E77D-428B-B5B7-04022A555FEE}"
EndProject
Project("{9A19103F-16F7-4668-BE54-9A1E7A4F7556}") = "Identity.Application", "src\Identity.Application\Identity.Application.csproj", "{22074A87-4622-4D1C-B614-D9C5BED913EF}"
EndProject
Project("{9A19103F-16F7-4668-BE54-9A1E7A4F7556}") = "MarketToolsV3.Users.IntegrationTests", "tests\MarketToolsV3.Users.IntegrationTests\MarketToolsV3.Users.IntegrationTests.csproj", "{C897AB32-5B70-446D-A048-8970A826706E}"
EndProject
Project("{9A19103F-16F7-4668-BE54-9A1E7A4F7556}") = "UserNotifications.Domain", "src\UserNotifications.Domain\UserNotifications.Domain.csproj", "{837CBB4D-2A74-4C15-968A-F6BA2EB84E26}"
EndProject
Project("{9A19103F-16F7-4668-BE54-9A1E7A4F7556}") = "UserNotifications.Infrastructure", "src\UserNotifications.Infrastructure\UserNotifications.Infrastructure.csproj", "{CE832266-0D94-4D07-B893-72A854C70072}"
EndProject
Project("{9A19103F-16F7-4668-BE54-9A1E7A4F7556}") = "UserNotifications.Applications", "src\UserNotifications.Applications\UserNotifications.Applications.csproj", "{9127F10F-AC9E-48BF-8BC5-A5793A8FF196}"
EndProject
Project("{9A19103F-16F7-4668-BE54-9A1E7A4F7556}") = "UserNotifications.WebApi", "src\UserNotifications.WebApi\UserNotifications.WebApi.csproj", "{EAE13A8E-18F2-4FD6-94A1-2EA5E61869CE}"
EndProject
Project("{9A19103F-16F7-4668-BE54-9A1E7A4F7556}") = "IntegrationEvents.Contract", "src\IntegrationEvents.Contract\IntegrationEvents.Contract.csproj", "{E6082BA0-4F9A-45BF-A209-2DC72D637277}"
EndProject
Project("{9A19103F-16F7-4668-BE54-9A1E7A4F7556}") = "UserNotifications.Processor", "src\UserNotifications.Processor\UserNotifications.Processor.csproj", "{9E96FA54-5F6B-431E-920F-7EFF786A2BB7}"
EndProject
Project("{9A19103F-16F7-4668-BE54-9A1E7A4F7556}") = "AppHost", "AppHost\AppHost.csproj", "{6B038607-6E07-4B8D-91F4-A928541C32C0}"
EndProject
Project("{9A19103F-16F7-4668-BE54-9A1E7A4F7556}") = "MarketToolsV3.Host.ServiceDefaults", "src\MarketToolsV3.Host.ServiceDefaults\MarketToolsV3.Host.ServiceDefaults.csproj", "{6E280F1F-6099-47CA-9A7C-CAB9E0BF3FCD}"
EndProject
Project("{9A19103F-16F7-4668-BE54-9A1E7A4F7556}") = "MarketToolsV3.ApiGateway", "src\MarketToolsV3.ApiGateway\MarketToolsV3.ApiGateway.csproj", "{AAF0C3AE-FD2F-4E7B-8DE7-3B84DB591358}"
EndProject
Project("{9A19103F-16F7-4668-BE54-9A1E7A4F7556}") = "Identity.GrpcService", "src\Identity.GrpcService\Identity.GrpcService.csproj", "{A6DE4DAE-0786-4829-8689-A76C82255E7F}"
EndProject
Project("{FAE04EC0-301F-11D3-BF4B-00C04F79EFBC}") = "Proto.Contract", "src\Proto.Contract\Proto.Contract.csproj", "{2E64525D-CDF4-40FD-A69A-AE77EACAA5A7}"
EndProject
Project("{FAE04EC0-301F-11D3-BF4B-00C04F79EFBC}") = "MarketToolsV3.DbMigrations.Service", "src\MarketToolsV3.DbMigrations.Service\MarketToolsV3.DbMigrations.Service.csproj", "{39CBAF9D-420F-4D40-B116-144AB31B4DF9}"
EndProject
Project("{FAE04EC0-301F-11D3-BF4B-00C04F79EFBC}") = "MarketToolsV3.ApiGateway.UnitTests", "tests\MarketToolsV3.ApiGateway.UnitTests\MarketToolsV3.ApiGateway.UnitTests.csproj", "{1187286F-2A0E-452A-B7CB-2A8128F5F098}"
EndProject
Project("{FAE04EC0-301F-11D3-BF4B-00C04F79EFBC}") = "WB.Seller.Companies.Domain", "src\WB.Seller.Companies.Domain\WB.Seller.Companies.Domain.csproj", "{ADA0A5B8-AC02-427D-86A9-1D6C622B8108}"
EndProject
Project("{FAE04EC0-301F-11D3-BF4B-00C04F79EFBC}") = "WB.Seller.Companies.Application", "src\WB.Seller.Companies.Application\WB.Seller.Companies.Application.csproj", "{3946E400-A9A4-4F64-9650-1A9843CEFA64}"
EndProject
Project("{FAE04EC0-301F-11D3-BF4B-00C04F79EFBC}") = "WB.Seller.Companies.Infrastructure", "src\WB.Seller.Companies.Infrastructure\WB.Seller.Companies.Infrastructure.csproj", "{429E86FD-F670-4EC7-B7B9-E37DAD8D12A2}"
EndProject
Project("{FAE04EC0-301F-11D3-BF4B-00C04F79EFBC}") = "WB.Seller.Companies.WebApi", "src\WB.Seller.Companies.WebApi\WB.Seller.Companies.WebApi.csproj", "{D025AC5B-399E-4B46-86AA-7C38AABDDACA}"
EndProject
Project("{FAE04EC0-301F-11D3-BF4B-00C04F79EFBC}") = "WB.Seller.Companies.Processor", "src\WB.Seller.Companies.Processor\WB.Seller.Companies.Processor.csproj", "{683383ED-27EC-4948-AC17-7513DEA56F49}"
EndProject
Project("{FAE04EC0-301F-11D3-BF4B-00C04F79EFBC}") = "MarketToolsV3.FakeData.WebApi", "src\MarketToolsV3.FakeData.WebApi\MarketToolsV3.FakeData.WebApi.csproj", "{0F132407-F3A0-4F2A-BA8B-978CB1470DB6}"
EndProject
Project("{FAE04EC0-301F-11D3-BF4B-00C04F79EFBC}") = "WB.Seller.Companies.OpenApi.Domain", "src\WB.Seller.Companies.OpenApi.Domain\WB.Seller.Companies.OpenApi.Domain.csproj", "{3F128836-AC02-47C4-9813-5B6E6A3E5E3D}"
EndProject
Project("{2150E333-8FDC-42A3-9474-1A3956D46DE8}") = "WB", "WB", "{C7997A99-5A9C-434B-8991-3927CA2716EA}"
EndProject
Project("{2150E333-8FDC-42A3-9474-1A3956D46DE8}") = "Seller", "Seller", "{1EF5DE9F-4593-4653-B0C7-3957980B7CE9}"
EndProject
Project("{2150E333-8FDC-42A3-9474-1A3956D46DE8}") = "Companies", "Companies", "{A58BAA5F-758E-4BB6-B21D-16C35FB17CFC}"
EndProject
Project("{2150E333-8FDC-42A3-9474-1A3956D46DE8}") = "OpenApi", "OpenApi", "{ADD17075-8510-4B0A-B84A-670F18C36561}"
EndProject
Project("{2150E333-8FDC-42A3-9474-1A3956D46DE8}") = "Identity", "Identity", "{683074FE-4926-4AFA-95AB-B7F3880BE792}"
EndProject
Project("{2150E333-8FDC-42A3-9474-1A3956D46DE8}") = "Contracts", "Contracts", "{37ABBF93-D390-4858-9DCE-52BC9064E96E}"
EndProject
Project("{2150E333-8FDC-42A3-9474-1A3956D46DE8}") = "Common", "Common", "{6A539288-EDE6-450E-BC1E-E08676888AF4}"
EndProject
Project("{2150E333-8FDC-42A3-9474-1A3956D46DE8}") = "UserNotifications", "UserNotifications", "{69F95954-2F6E-4EAE-8CEF-02917A18DB45}"
EndProject
Project("{2150E333-8FDC-42A3-9474-1A3956D46DE8}") = "Ozon", "Ozon", "{6755625B-3D05-4514-B62D-A390D67AA9DD}"
EndProject
Project("{2150E333-8FDC-42A3-9474-1A3956D46DE8}") = "Seller", "Seller", "{00C5E320-7F71-420D-BF59-F09E9D0D55D5}"
EndProject
Project("{2150E333-8FDC-42A3-9474-1A3956D46DE8}") = "Companies", "Companies", "{9172AFFA-D753-4087-90D9-7E2575763541}"
EndProject
Project("{FAE04EC0-301F-11D3-BF4B-00C04F79EFBC}") = "WB.Seller.Companies.OpenApi.Application", "src\WB.Seller.Companies.OpenApi.Application\WB.Seller.Companies.OpenApi.Application.csproj", "{00043016-8446-4D3B-9E88-C912CAC8EDB8}"
EndProject
Project("{FAE04EC0-301F-11D3-BF4B-00C04F79EFBC}") = "WB.Seller.Companies.OpenApi.Infrastructure", "src\WB.Seller.Companies.OpenApi.Infrastructure\WB.Seller.Companies.OpenApi.Infrastructure.csproj", "{1BC96D88-AD51-448F-9001-9A91A047B599}"
EndProject
Project("{FAE04EC0-301F-11D3-BF4B-00C04F79EFBC}") = "MarketToolsV3.IntegrationEventLogServiceEf", "src\MarketToolsV3.IntegrationEventLogServiceEf\MarketToolsV3.IntegrationEventLogServiceEf.csproj", "{180D006E-7C8E-4AAF-ADD8-67A64CA1E2D0}"
EndProject
Project("{2150E333-8FDC-42A3-9474-1A3956D46DE8}") = "Marketplaces", "Marketplaces", "{1F093151-4324-4228-9402-CDF58E1866B9}"
EndProject
Project("{2150E333-8FDC-42A3-9474-1A3956D46DE8}") = "Aggregator", "Aggregator", "{35D48EC4-712B-4448-85D4-E5D0223754A9}"
EndProject
Project("{FAE04EC0-301F-11D3-BF4B-00C04F79EFBC}") = "Ozon.Seller.Companies.Domain", "src\Ozon.Seller.Companies.Domain\Ozon.Seller.Companies.Domain.csproj", "{2822551C-F8C4-4EAC-99CB-ADF0AB289C1D}"
EndProject
Project("{FAE04EC0-301F-11D3-BF4B-00C04F79EFBC}") = "Ozon.Seller.Companies.Application", "src\Ozon.Seller.Companies.Application\Ozon.Seller.Companies.Application.csproj", "{C9AB522D-B968-4F09-89F9-947BD03B3B7A}"
EndProject
Project("{FAE04EC0-301F-11D3-BF4B-00C04F79EFBC}") = "Ozon.Seller.Companies.Infrastructure", "src\Ozon.Seller.Companies.Infrastructure\Ozon.Seller.Companies.Infrastructure.csproj", "{5923B0EA-11CC-4942-B0DD-7E6770D9AECC}"
EndProject
Project("{FAE04EC0-301F-11D3-BF4B-00C04F79EFBC}") = "Ozon.Seller.Companies.WebApi", "src\Ozon.Seller.Companies.WebApi\Ozon.Seller.Companies.WebApi.csproj", "{7E3989A6-BA89-4395-9DC0-8F393E64A604}"
EndProject
Project("{FAE04EC0-301F-11D3-BF4B-00C04F79EFBC}") = "MarketToolsV3.IntegrationEventLogService", "src\MarketToolsV3.IntegrationEventLogService\MarketToolsV3.IntegrationEventLogService.csproj", "{7E881491-A2B8-453A-A7FB-A19916908DA3}"
EndProject
Project("{FAE04EC0-301F-11D3-BF4B-00C04F79EFBC}") = "MarketToolsV3.EventBus", "src\MarketToolsV3.EventBus\MarketToolsV3.EventBus.csproj", "{DA2E7005-257C-46BD-A982-DF8D8F6FE622}"
EndProject
Project("{FAE04EC0-301F-11D3-BF4B-00C04F79EFBC}") = "MarketToolsV3.EventLogBus", "src\MarketToolsV3.EventLogBus\MarketToolsV3.EventLogBus.csproj", "{AC06D103-AB48-483B-9B71-2E366B6A13FB}"
EndProject
Global
	GlobalSection(SolutionConfigurationPlatforms) = preSolution
		Debug|Any CPU = Debug|Any CPU
		Release|Any CPU = Release|Any CPU
	EndGlobalSection
	GlobalSection(ProjectConfigurationPlatforms) = postSolution
		{2CCF755E-4740-48E9-9A9F-1944B6A0C569}.Debug|Any CPU.ActiveCfg = Debug|Any CPU
		{2CCF755E-4740-48E9-9A9F-1944B6A0C569}.Debug|Any CPU.Build.0 = Debug|Any CPU
		{2CCF755E-4740-48E9-9A9F-1944B6A0C569}.Release|Any CPU.ActiveCfg = Release|Any CPU
		{2CCF755E-4740-48E9-9A9F-1944B6A0C569}.Release|Any CPU.Build.0 = Release|Any CPU
		{C4C1A6D0-96F8-4C6B-BB91-789D79BDBFFD}.Debug|Any CPU.ActiveCfg = Debug|Any CPU
		{C4C1A6D0-96F8-4C6B-BB91-789D79BDBFFD}.Debug|Any CPU.Build.0 = Debug|Any CPU
		{C4C1A6D0-96F8-4C6B-BB91-789D79BDBFFD}.Release|Any CPU.ActiveCfg = Release|Any CPU
		{C4C1A6D0-96F8-4C6B-BB91-789D79BDBFFD}.Release|Any CPU.Build.0 = Release|Any CPU
		{1CC5775C-7B79-41E7-8A87-2D550D0D9F92}.Debug|Any CPU.ActiveCfg = Debug|Any CPU
		{1CC5775C-7B79-41E7-8A87-2D550D0D9F92}.Debug|Any CPU.Build.0 = Debug|Any CPU
		{1CC5775C-7B79-41E7-8A87-2D550D0D9F92}.Release|Any CPU.ActiveCfg = Release|Any CPU
		{1CC5775C-7B79-41E7-8A87-2D550D0D9F92}.Release|Any CPU.Build.0 = Release|Any CPU
		{1B7D221B-BD4E-4884-BA66-DE99798B1883}.Debug|Any CPU.ActiveCfg = Debug|Any CPU
		{1B7D221B-BD4E-4884-BA66-DE99798B1883}.Debug|Any CPU.Build.0 = Debug|Any CPU
		{1B7D221B-BD4E-4884-BA66-DE99798B1883}.Release|Any CPU.ActiveCfg = Release|Any CPU
		{1B7D221B-BD4E-4884-BA66-DE99798B1883}.Release|Any CPU.Build.0 = Release|Any CPU
		{8758EE56-E77D-428B-B5B7-04022A555FEE}.Debug|Any CPU.ActiveCfg = Debug|Any CPU
		{8758EE56-E77D-428B-B5B7-04022A555FEE}.Debug|Any CPU.Build.0 = Debug|Any CPU
		{8758EE56-E77D-428B-B5B7-04022A555FEE}.Release|Any CPU.ActiveCfg = Release|Any CPU
		{8758EE56-E77D-428B-B5B7-04022A555FEE}.Release|Any CPU.Build.0 = Release|Any CPU
		{22074A87-4622-4D1C-B614-D9C5BED913EF}.Debug|Any CPU.ActiveCfg = Debug|Any CPU
		{22074A87-4622-4D1C-B614-D9C5BED913EF}.Debug|Any CPU.Build.0 = Debug|Any CPU
		{22074A87-4622-4D1C-B614-D9C5BED913EF}.Release|Any CPU.ActiveCfg = Release|Any CPU
		{22074A87-4622-4D1C-B614-D9C5BED913EF}.Release|Any CPU.Build.0 = Release|Any CPU
		{C897AB32-5B70-446D-A048-8970A826706E}.Debug|Any CPU.ActiveCfg = Debug|Any CPU
		{C897AB32-5B70-446D-A048-8970A826706E}.Debug|Any CPU.Build.0 = Debug|Any CPU
		{C897AB32-5B70-446D-A048-8970A826706E}.Release|Any CPU.ActiveCfg = Release|Any CPU
		{C897AB32-5B70-446D-A048-8970A826706E}.Release|Any CPU.Build.0 = Release|Any CPU
		{837CBB4D-2A74-4C15-968A-F6BA2EB84E26}.Debug|Any CPU.ActiveCfg = Debug|Any CPU
		{837CBB4D-2A74-4C15-968A-F6BA2EB84E26}.Debug|Any CPU.Build.0 = Debug|Any CPU
		{837CBB4D-2A74-4C15-968A-F6BA2EB84E26}.Release|Any CPU.ActiveCfg = Release|Any CPU
		{837CBB4D-2A74-4C15-968A-F6BA2EB84E26}.Release|Any CPU.Build.0 = Release|Any CPU
		{CE832266-0D94-4D07-B893-72A854C70072}.Debug|Any CPU.ActiveCfg = Debug|Any CPU
		{CE832266-0D94-4D07-B893-72A854C70072}.Debug|Any CPU.Build.0 = Debug|Any CPU
		{CE832266-0D94-4D07-B893-72A854C70072}.Release|Any CPU.ActiveCfg = Release|Any CPU
		{CE832266-0D94-4D07-B893-72A854C70072}.Release|Any CPU.Build.0 = Release|Any CPU
		{9127F10F-AC9E-48BF-8BC5-A5793A8FF196}.Debug|Any CPU.ActiveCfg = Debug|Any CPU
		{9127F10F-AC9E-48BF-8BC5-A5793A8FF196}.Debug|Any CPU.Build.0 = Debug|Any CPU
		{9127F10F-AC9E-48BF-8BC5-A5793A8FF196}.Release|Any CPU.ActiveCfg = Release|Any CPU
		{9127F10F-AC9E-48BF-8BC5-A5793A8FF196}.Release|Any CPU.Build.0 = Release|Any CPU
		{EAE13A8E-18F2-4FD6-94A1-2EA5E61869CE}.Debug|Any CPU.ActiveCfg = Debug|Any CPU
		{EAE13A8E-18F2-4FD6-94A1-2EA5E61869CE}.Debug|Any CPU.Build.0 = Debug|Any CPU
		{EAE13A8E-18F2-4FD6-94A1-2EA5E61869CE}.Release|Any CPU.ActiveCfg = Release|Any CPU
		{EAE13A8E-18F2-4FD6-94A1-2EA5E61869CE}.Release|Any CPU.Build.0 = Release|Any CPU
		{E6082BA0-4F9A-45BF-A209-2DC72D637277}.Debug|Any CPU.ActiveCfg = Debug|Any CPU
		{E6082BA0-4F9A-45BF-A209-2DC72D637277}.Debug|Any CPU.Build.0 = Debug|Any CPU
		{E6082BA0-4F9A-45BF-A209-2DC72D637277}.Release|Any CPU.ActiveCfg = Release|Any CPU
		{E6082BA0-4F9A-45BF-A209-2DC72D637277}.Release|Any CPU.Build.0 = Release|Any CPU
		{9E96FA54-5F6B-431E-920F-7EFF786A2BB7}.Debug|Any CPU.ActiveCfg = Debug|Any CPU
		{9E96FA54-5F6B-431E-920F-7EFF786A2BB7}.Debug|Any CPU.Build.0 = Debug|Any CPU
		{9E96FA54-5F6B-431E-920F-7EFF786A2BB7}.Release|Any CPU.ActiveCfg = Release|Any CPU
		{9E96FA54-5F6B-431E-920F-7EFF786A2BB7}.Release|Any CPU.Build.0 = Release|Any CPU
		{6B038607-6E07-4B8D-91F4-A928541C32C0}.Debug|Any CPU.ActiveCfg = Debug|Any CPU
		{6B038607-6E07-4B8D-91F4-A928541C32C0}.Debug|Any CPU.Build.0 = Debug|Any CPU
		{6B038607-6E07-4B8D-91F4-A928541C32C0}.Release|Any CPU.ActiveCfg = Release|Any CPU
		{6B038607-6E07-4B8D-91F4-A928541C32C0}.Release|Any CPU.Build.0 = Release|Any CPU
		{6E280F1F-6099-47CA-9A7C-CAB9E0BF3FCD}.Debug|Any CPU.ActiveCfg = Debug|Any CPU
		{6E280F1F-6099-47CA-9A7C-CAB9E0BF3FCD}.Debug|Any CPU.Build.0 = Debug|Any CPU
		{6E280F1F-6099-47CA-9A7C-CAB9E0BF3FCD}.Release|Any CPU.ActiveCfg = Release|Any CPU
		{6E280F1F-6099-47CA-9A7C-CAB9E0BF3FCD}.Release|Any CPU.Build.0 = Release|Any CPU
		{AAF0C3AE-FD2F-4E7B-8DE7-3B84DB591358}.Debug|Any CPU.ActiveCfg = Debug|Any CPU
		{AAF0C3AE-FD2F-4E7B-8DE7-3B84DB591358}.Debug|Any CPU.Build.0 = Debug|Any CPU
		{AAF0C3AE-FD2F-4E7B-8DE7-3B84DB591358}.Release|Any CPU.ActiveCfg = Release|Any CPU
		{AAF0C3AE-FD2F-4E7B-8DE7-3B84DB591358}.Release|Any CPU.Build.0 = Release|Any CPU
		{A6DE4DAE-0786-4829-8689-A76C82255E7F}.Debug|Any CPU.ActiveCfg = Debug|Any CPU
		{A6DE4DAE-0786-4829-8689-A76C82255E7F}.Debug|Any CPU.Build.0 = Debug|Any CPU
		{A6DE4DAE-0786-4829-8689-A76C82255E7F}.Release|Any CPU.ActiveCfg = Release|Any CPU
		{A6DE4DAE-0786-4829-8689-A76C82255E7F}.Release|Any CPU.Build.0 = Release|Any CPU
		{2E64525D-CDF4-40FD-A69A-AE77EACAA5A7}.Debug|Any CPU.ActiveCfg = Debug|Any CPU
		{2E64525D-CDF4-40FD-A69A-AE77EACAA5A7}.Debug|Any CPU.Build.0 = Debug|Any CPU
		{2E64525D-CDF4-40FD-A69A-AE77EACAA5A7}.Release|Any CPU.ActiveCfg = Release|Any CPU
		{2E64525D-CDF4-40FD-A69A-AE77EACAA5A7}.Release|Any CPU.Build.0 = Release|Any CPU
		{39CBAF9D-420F-4D40-B116-144AB31B4DF9}.Debug|Any CPU.ActiveCfg = Debug|Any CPU
		{39CBAF9D-420F-4D40-B116-144AB31B4DF9}.Debug|Any CPU.Build.0 = Debug|Any CPU
		{39CBAF9D-420F-4D40-B116-144AB31B4DF9}.Release|Any CPU.ActiveCfg = Release|Any CPU
		{39CBAF9D-420F-4D40-B116-144AB31B4DF9}.Release|Any CPU.Build.0 = Release|Any CPU
		{1187286F-2A0E-452A-B7CB-2A8128F5F098}.Debug|Any CPU.ActiveCfg = Debug|Any CPU
		{1187286F-2A0E-452A-B7CB-2A8128F5F098}.Debug|Any CPU.Build.0 = Debug|Any CPU
		{1187286F-2A0E-452A-B7CB-2A8128F5F098}.Release|Any CPU.ActiveCfg = Release|Any CPU
		{1187286F-2A0E-452A-B7CB-2A8128F5F098}.Release|Any CPU.Build.0 = Release|Any CPU
		{ADA0A5B8-AC02-427D-86A9-1D6C622B8108}.Debug|Any CPU.ActiveCfg = Debug|Any CPU
		{ADA0A5B8-AC02-427D-86A9-1D6C622B8108}.Debug|Any CPU.Build.0 = Debug|Any CPU
		{ADA0A5B8-AC02-427D-86A9-1D6C622B8108}.Release|Any CPU.ActiveCfg = Release|Any CPU
		{ADA0A5B8-AC02-427D-86A9-1D6C622B8108}.Release|Any CPU.Build.0 = Release|Any CPU
		{3946E400-A9A4-4F64-9650-1A9843CEFA64}.Debug|Any CPU.ActiveCfg = Debug|Any CPU
		{3946E400-A9A4-4F64-9650-1A9843CEFA64}.Debug|Any CPU.Build.0 = Debug|Any CPU
		{3946E400-A9A4-4F64-9650-1A9843CEFA64}.Release|Any CPU.ActiveCfg = Release|Any CPU
		{3946E400-A9A4-4F64-9650-1A9843CEFA64}.Release|Any CPU.Build.0 = Release|Any CPU
		{429E86FD-F670-4EC7-B7B9-E37DAD8D12A2}.Debug|Any CPU.ActiveCfg = Debug|Any CPU
		{429E86FD-F670-4EC7-B7B9-E37DAD8D12A2}.Debug|Any CPU.Build.0 = Debug|Any CPU
		{429E86FD-F670-4EC7-B7B9-E37DAD8D12A2}.Release|Any CPU.ActiveCfg = Release|Any CPU
		{429E86FD-F670-4EC7-B7B9-E37DAD8D12A2}.Release|Any CPU.Build.0 = Release|Any CPU
		{D025AC5B-399E-4B46-86AA-7C38AABDDACA}.Debug|Any CPU.ActiveCfg = Debug|Any CPU
		{D025AC5B-399E-4B46-86AA-7C38AABDDACA}.Debug|Any CPU.Build.0 = Debug|Any CPU
		{D025AC5B-399E-4B46-86AA-7C38AABDDACA}.Release|Any CPU.ActiveCfg = Release|Any CPU
		{D025AC5B-399E-4B46-86AA-7C38AABDDACA}.Release|Any CPU.Build.0 = Release|Any CPU
		{683383ED-27EC-4948-AC17-7513DEA56F49}.Debug|Any CPU.ActiveCfg = Debug|Any CPU
		{683383ED-27EC-4948-AC17-7513DEA56F49}.Debug|Any CPU.Build.0 = Debug|Any CPU
		{683383ED-27EC-4948-AC17-7513DEA56F49}.Release|Any CPU.ActiveCfg = Release|Any CPU
		{683383ED-27EC-4948-AC17-7513DEA56F49}.Release|Any CPU.Build.0 = Release|Any CPU
		{0F132407-F3A0-4F2A-BA8B-978CB1470DB6}.Debug|Any CPU.ActiveCfg = Debug|Any CPU
		{0F132407-F3A0-4F2A-BA8B-978CB1470DB6}.Debug|Any CPU.Build.0 = Debug|Any CPU
		{0F132407-F3A0-4F2A-BA8B-978CB1470DB6}.Release|Any CPU.ActiveCfg = Release|Any CPU
		{0F132407-F3A0-4F2A-BA8B-978CB1470DB6}.Release|Any CPU.Build.0 = Release|Any CPU
		{3F128836-AC02-47C4-9813-5B6E6A3E5E3D}.Debug|Any CPU.ActiveCfg = Debug|Any CPU
		{3F128836-AC02-47C4-9813-5B6E6A3E5E3D}.Debug|Any CPU.Build.0 = Debug|Any CPU
		{3F128836-AC02-47C4-9813-5B6E6A3E5E3D}.Release|Any CPU.ActiveCfg = Release|Any CPU
		{3F128836-AC02-47C4-9813-5B6E6A3E5E3D}.Release|Any CPU.Build.0 = Release|Any CPU
		{00043016-8446-4D3B-9E88-C912CAC8EDB8}.Debug|Any CPU.ActiveCfg = Debug|Any CPU
		{00043016-8446-4D3B-9E88-C912CAC8EDB8}.Debug|Any CPU.Build.0 = Debug|Any CPU
		{00043016-8446-4D3B-9E88-C912CAC8EDB8}.Release|Any CPU.ActiveCfg = Release|Any CPU
		{00043016-8446-4D3B-9E88-C912CAC8EDB8}.Release|Any CPU.Build.0 = Release|Any CPU
		{1BC96D88-AD51-448F-9001-9A91A047B599}.Debug|Any CPU.ActiveCfg = Debug|Any CPU
		{1BC96D88-AD51-448F-9001-9A91A047B599}.Debug|Any CPU.Build.0 = Debug|Any CPU
		{1BC96D88-AD51-448F-9001-9A91A047B599}.Release|Any CPU.ActiveCfg = Release|Any CPU
		{1BC96D88-AD51-448F-9001-9A91A047B599}.Release|Any CPU.Build.0 = Release|Any CPU
		{180D006E-7C8E-4AAF-ADD8-67A64CA1E2D0}.Debug|Any CPU.ActiveCfg = Debug|Any CPU
		{180D006E-7C8E-4AAF-ADD8-67A64CA1E2D0}.Debug|Any CPU.Build.0 = Debug|Any CPU
		{180D006E-7C8E-4AAF-ADD8-67A64CA1E2D0}.Release|Any CPU.ActiveCfg = Release|Any CPU
		{180D006E-7C8E-4AAF-ADD8-67A64CA1E2D0}.Release|Any CPU.Build.0 = Release|Any CPU
		{2822551C-F8C4-4EAC-99CB-ADF0AB289C1D}.Debug|Any CPU.ActiveCfg = Debug|Any CPU
		{2822551C-F8C4-4EAC-99CB-ADF0AB289C1D}.Debug|Any CPU.Build.0 = Debug|Any CPU
		{2822551C-F8C4-4EAC-99CB-ADF0AB289C1D}.Release|Any CPU.ActiveCfg = Release|Any CPU
		{2822551C-F8C4-4EAC-99CB-ADF0AB289C1D}.Release|Any CPU.Build.0 = Release|Any CPU
		{C9AB522D-B968-4F09-89F9-947BD03B3B7A}.Debug|Any CPU.ActiveCfg = Debug|Any CPU
		{C9AB522D-B968-4F09-89F9-947BD03B3B7A}.Debug|Any CPU.Build.0 = Debug|Any CPU
		{C9AB522D-B968-4F09-89F9-947BD03B3B7A}.Release|Any CPU.ActiveCfg = Release|Any CPU
		{C9AB522D-B968-4F09-89F9-947BD03B3B7A}.Release|Any CPU.Build.0 = Release|Any CPU
		{5923B0EA-11CC-4942-B0DD-7E6770D9AECC}.Debug|Any CPU.ActiveCfg = Debug|Any CPU
		{5923B0EA-11CC-4942-B0DD-7E6770D9AECC}.Debug|Any CPU.Build.0 = Debug|Any CPU
		{5923B0EA-11CC-4942-B0DD-7E6770D9AECC}.Release|Any CPU.ActiveCfg = Release|Any CPU
		{5923B0EA-11CC-4942-B0DD-7E6770D9AECC}.Release|Any CPU.Build.0 = Release|Any CPU
		{7E3989A6-BA89-4395-9DC0-8F393E64A604}.Debug|Any CPU.ActiveCfg = Debug|Any CPU
		{7E3989A6-BA89-4395-9DC0-8F393E64A604}.Debug|Any CPU.Build.0 = Debug|Any CPU
		{7E3989A6-BA89-4395-9DC0-8F393E64A604}.Release|Any CPU.ActiveCfg = Release|Any CPU
		{7E3989A6-BA89-4395-9DC0-8F393E64A604}.Release|Any CPU.Build.0 = Release|Any CPU
		{7E881491-A2B8-453A-A7FB-A19916908DA3}.Debug|Any CPU.ActiveCfg = Debug|Any CPU
		{7E881491-A2B8-453A-A7FB-A19916908DA3}.Debug|Any CPU.Build.0 = Debug|Any CPU
		{7E881491-A2B8-453A-A7FB-A19916908DA3}.Release|Any CPU.ActiveCfg = Release|Any CPU
		{7E881491-A2B8-453A-A7FB-A19916908DA3}.Release|Any CPU.Build.0 = Release|Any CPU
		{DA2E7005-257C-46BD-A982-DF8D8F6FE622}.Debug|Any CPU.ActiveCfg = Debug|Any CPU
		{DA2E7005-257C-46BD-A982-DF8D8F6FE622}.Debug|Any CPU.Build.0 = Debug|Any CPU
		{DA2E7005-257C-46BD-A982-DF8D8F6FE622}.Release|Any CPU.ActiveCfg = Release|Any CPU
		{DA2E7005-257C-46BD-A982-DF8D8F6FE622}.Release|Any CPU.Build.0 = Release|Any CPU
		{AC06D103-AB48-483B-9B71-2E366B6A13FB}.Debug|Any CPU.ActiveCfg = Debug|Any CPU
		{AC06D103-AB48-483B-9B71-2E366B6A13FB}.Debug|Any CPU.Build.0 = Debug|Any CPU
		{AC06D103-AB48-483B-9B71-2E366B6A13FB}.Release|Any CPU.ActiveCfg = Release|Any CPU
		{AC06D103-AB48-483B-9B71-2E366B6A13FB}.Release|Any CPU.Build.0 = Release|Any CPU
	EndGlobalSection
	GlobalSection(SolutionProperties) = preSolution
		HideSolutionNode = FALSE
	EndGlobalSection
	GlobalSection(NestedProjects) = preSolution
		{2CCF755E-4740-48E9-9A9F-1944B6A0C569} = {882D889B-1326-40EF-8FC2-6CB09F27A9D8}
		{C4C1A6D0-96F8-4C6B-BB91-789D79BDBFFD} = {683074FE-4926-4AFA-95AB-B7F3880BE792}
		{1CC5775C-7B79-41E7-8A87-2D550D0D9F92} = {683074FE-4926-4AFA-95AB-B7F3880BE792}
		{1B7D221B-BD4E-4884-BA66-DE99798B1883} = {683074FE-4926-4AFA-95AB-B7F3880BE792}
		{8758EE56-E77D-428B-B5B7-04022A555FEE} = {6A539288-EDE6-450E-BC1E-E08676888AF4}
		{22074A87-4622-4D1C-B614-D9C5BED913EF} = {683074FE-4926-4AFA-95AB-B7F3880BE792}
		{C897AB32-5B70-446D-A048-8970A826706E} = {882D889B-1326-40EF-8FC2-6CB09F27A9D8}
		{837CBB4D-2A74-4C15-968A-F6BA2EB84E26} = {69F95954-2F6E-4EAE-8CEF-02917A18DB45}
		{CE832266-0D94-4D07-B893-72A854C70072} = {69F95954-2F6E-4EAE-8CEF-02917A18DB45}
		{9127F10F-AC9E-48BF-8BC5-A5793A8FF196} = {69F95954-2F6E-4EAE-8CEF-02917A18DB45}
		{EAE13A8E-18F2-4FD6-94A1-2EA5E61869CE} = {69F95954-2F6E-4EAE-8CEF-02917A18DB45}
		{E6082BA0-4F9A-45BF-A209-2DC72D637277} = {37ABBF93-D390-4858-9DCE-52BC9064E96E}
		{9E96FA54-5F6B-431E-920F-7EFF786A2BB7} = {69F95954-2F6E-4EAE-8CEF-02917A18DB45}
		{6E280F1F-6099-47CA-9A7C-CAB9E0BF3FCD} = {6A539288-EDE6-450E-BC1E-E08676888AF4}
		{AAF0C3AE-FD2F-4E7B-8DE7-3B84DB591358} = {6A539288-EDE6-450E-BC1E-E08676888AF4}
		{A6DE4DAE-0786-4829-8689-A76C82255E7F} = {683074FE-4926-4AFA-95AB-B7F3880BE792}
		{2E64525D-CDF4-40FD-A69A-AE77EACAA5A7} = {37ABBF93-D390-4858-9DCE-52BC9064E96E}
		{39CBAF9D-420F-4D40-B116-144AB31B4DF9} = {6A539288-EDE6-450E-BC1E-E08676888AF4}
		{1187286F-2A0E-452A-B7CB-2A8128F5F098} = {882D889B-1326-40EF-8FC2-6CB09F27A9D8}
		{ADA0A5B8-AC02-427D-86A9-1D6C622B8108} = {A58BAA5F-758E-4BB6-B21D-16C35FB17CFC}
		{3946E400-A9A4-4F64-9650-1A9843CEFA64} = {A58BAA5F-758E-4BB6-B21D-16C35FB17CFC}
		{429E86FD-F670-4EC7-B7B9-E37DAD8D12A2} = {A58BAA5F-758E-4BB6-B21D-16C35FB17CFC}
		{D025AC5B-399E-4B46-86AA-7C38AABDDACA} = {A58BAA5F-758E-4BB6-B21D-16C35FB17CFC}
		{683383ED-27EC-4948-AC17-7513DEA56F49} = {A58BAA5F-758E-4BB6-B21D-16C35FB17CFC}
		{0F132407-F3A0-4F2A-BA8B-978CB1470DB6} = {6A539288-EDE6-450E-BC1E-E08676888AF4}
		{3F128836-AC02-47C4-9813-5B6E6A3E5E3D} = {ADD17075-8510-4B0A-B84A-670F18C36561}
		{C7997A99-5A9C-434B-8991-3927CA2716EA} = {1F093151-4324-4228-9402-CDF58E1866B9}
		{1EF5DE9F-4593-4653-B0C7-3957980B7CE9} = {C7997A99-5A9C-434B-8991-3927CA2716EA}
		{A58BAA5F-758E-4BB6-B21D-16C35FB17CFC} = {1EF5DE9F-4593-4653-B0C7-3957980B7CE9}
		{ADD17075-8510-4B0A-B84A-670F18C36561} = {A58BAA5F-758E-4BB6-B21D-16C35FB17CFC}
		{683074FE-4926-4AFA-95AB-B7F3880BE792} = {0888B86C-31CF-4288-BAE6-27515593310F}
		{37ABBF93-D390-4858-9DCE-52BC9064E96E} = {0888B86C-31CF-4288-BAE6-27515593310F}
		{6A539288-EDE6-450E-BC1E-E08676888AF4} = {0888B86C-31CF-4288-BAE6-27515593310F}
		{69F95954-2F6E-4EAE-8CEF-02917A18DB45} = {0888B86C-31CF-4288-BAE6-27515593310F}
		{6755625B-3D05-4514-B62D-A390D67AA9DD} = {1F093151-4324-4228-9402-CDF58E1866B9}
		{00C5E320-7F71-420D-BF59-F09E9D0D55D5} = {6755625B-3D05-4514-B62D-A390D67AA9DD}
		{9172AFFA-D753-4087-90D9-7E2575763541} = {00C5E320-7F71-420D-BF59-F09E9D0D55D5}
		{00043016-8446-4D3B-9E88-C912CAC8EDB8} = {ADD17075-8510-4B0A-B84A-670F18C36561}
		{1BC96D88-AD51-448F-9001-9A91A047B599} = {ADD17075-8510-4B0A-B84A-670F18C36561}
		{180D006E-7C8E-4AAF-ADD8-67A64CA1E2D0} = {6A539288-EDE6-450E-BC1E-E08676888AF4}
		{1F093151-4324-4228-9402-CDF58E1866B9} = {0888B86C-31CF-4288-BAE6-27515593310F}
		{35D48EC4-712B-4448-85D4-E5D0223754A9} = {1F093151-4324-4228-9402-CDF58E1866B9}
		{2822551C-F8C4-4EAC-99CB-ADF0AB289C1D} = {9172AFFA-D753-4087-90D9-7E2575763541}
		{C9AB522D-B968-4F09-89F9-947BD03B3B7A} = {9172AFFA-D753-4087-90D9-7E2575763541}
		{5923B0EA-11CC-4942-B0DD-7E6770D9AECC} = {9172AFFA-D753-4087-90D9-7E2575763541}
		{7E3989A6-BA89-4395-9DC0-8F393E64A604} = {9172AFFA-D753-4087-90D9-7E2575763541}
		{7E881491-A2B8-453A-A7FB-A19916908DA3} = {6A539288-EDE6-450E-BC1E-E08676888AF4}
		{DA2E7005-257C-46BD-A982-DF8D8F6FE622} = {6A539288-EDE6-450E-BC1E-E08676888AF4}
		{AC06D103-AB48-483B-9B71-2E366B6A13FB} = {6A539288-EDE6-450E-BC1E-E08676888AF4}
	EndGlobalSection
	GlobalSection(ExtensibilityGlobals) = postSolution
		SolutionGuid = {B32E777C-798B-4741-B238-AD9EFD1193F7}
	EndGlobalSection
EndGlobal
